
Microsoft Visual Studio Solution File, Format Version 12.00
Project("{FAE04EC0-301F-11D3-BF4B-00C04F79EFBC}") = "ExampleApp.Web", "ExampleApp.Web\ExampleApp.Web.csproj", "{38147093-8FA2-4BD2-89ED-2ED890D9BBB6}"
EndProject
Project("{FAE04EC0-301F-11D3-BF4B-00C04F79EFBC}") = "ExampleApp.DataAccess", "ExampleApp.DataAccess\ExampleApp.DataAccess.csproj", "{B3E736EE-8A5B-4A34-B8CB-EB58F1EEC13A}"
EndProject
Global
	GlobalSection(SolutionConfigurationPlatforms) = preSolution
		Debug|Any CPU = Debug|Any CPU
		Release|Any CPU = Release|Any CPU
	EndGlobalSection
	GlobalSection(ProjectConfigurationPlatforms) = postSolution
		{38147093-8FA2-4BD2-89ED-2ED890D9BBB6}.Debug|Any CPU.ActiveCfg = Debug|Any CPU
		{38147093-8FA2-4BD2-89ED-2ED890D9BBB6}.Debug|Any CPU.Build.0 = Debug|Any CPU
		{38147093-8FA2-4BD2-89ED-2ED890D9BBB6}.Release|Any CPU.ActiveCfg = Release|Any CPU
		{38147093-8FA2-4BD2-89ED-2ED890D9BBB6}.Release|Any CPU.Build.0 = Release|Any CPU
		{B3E736EE-8A5B-4A34-B8CB-EB58F1EEC13A}.Debug|Any CPU.ActiveCfg = Debug|Any CPU
		{B3E736EE-8A5B-4A34-B8CB-EB58F1EEC13A}.Debug|Any CPU.Build.0 = Debug|Any CPU
		{B3E736EE-8A5B-4A34-B8CB-EB58F1EEC13A}.Release|Any CPU.ActiveCfg = Release|Any CPU
		{B3E736EE-8A5B-4A34-B8CB-EB58F1EEC13A}.Release|Any CPU.Build.0 = Release|Any CPU
	EndGlobalSection
EndGlobal
